// !$*UTF8*$!
{
	archiveVersion = 1;
	classes = {
	};
	objectVersion = 46;
	objects = {

/* Begin PBXBuildFile section */
		2D77ED4B1A96F7DB0045CE41 /* AppDelegate.swift in Sources */ = {isa = PBXBuildFile; fileRef = 2D77ED4A1A96F7DB0045CE41 /* AppDelegate.swift */; };
		2D77ED4D1A96F7DB0045CE41 /* ViewController.swift in Sources */ = {isa = PBXBuildFile; fileRef = 2D77ED4C1A96F7DB0045CE41 /* ViewController.swift */; };
		2D77ED501A96F7DB0045CE41 /* Main.storyboard in Resources */ = {isa = PBXBuildFile; fileRef = 2D77ED4E1A96F7DB0045CE41 /* Main.storyboard */; };
		2D77ED521A96F7DB0045CE41 /* Images.xcassets in Resources */ = {isa = PBXBuildFile; fileRef = 2D77ED511A96F7DB0045CE41 /* Images.xcassets */; };
		2D77ED551A96F7DB0045CE41 /* LaunchScreen.xib in Resources */ = {isa = PBXBuildFile; fileRef = 2D77ED531A96F7DB0045CE41 /* LaunchScreen.xib */; };
		2D77ED611A96F7DB0045CE41 /* ScheduleAppTests.swift in Sources */ = {isa = PBXBuildFile; fileRef = 2D77ED601A96F7DB0045CE41 /* ScheduleAppTests.swift */; };
/* End PBXBuildFile section */

/* Begin PBXContainerItemProxy section */
		2D77ED5B1A96F7DB0045CE41 /* PBXContainerItemProxy */ = {
			isa = PBXContainerItemProxy;
			containerPortal = 2D77ED3D1A96F7DB0045CE41 /* Project object */;
			proxyType = 1;
			remoteGlobalIDString = 2D77ED441A96F7DB0045CE41;
			remoteInfo = ScheduleApp;
		};
/* End PBXContainerItemProxy section */

/* Begin PBXFileReference section */
		2D77ED451A96F7DB0045CE41 /* ScheduleApp.app */ = {isa = PBXFileReference; explicitFileType = wrapper.application; includeInIndex = 0; path = ScheduleApp.app; sourceTree = BUILT_PRODUCTS_DIR; };
		2D77ED491A96F7DB0045CE41 /* Info.plist */ = {isa = PBXFileReference; lastKnownFileType = text.plist.xml; path = Info.plist; sourceTree = "<group>"; };
		2D77ED4A1A96F7DB0045CE41 /* AppDelegate.swift */ = {isa = PBXFileReference; lastKnownFileType = sourcecode.swift; path = AppDelegate.swift; sourceTree = "<group>"; };
		2D77ED4C1A96F7DB0045CE41 /* ViewController.swift */ = {isa = PBXFileReference; lastKnownFileType = sourcecode.swift; path = ViewController.swift; sourceTree = "<group>"; };
		2D77ED4F1A96F7DB0045CE41 /* Base */ = {isa = PBXFileReference; lastKnownFileType = file.storyboard; name = Base; path = Base.lproj/Main.storyboard; sourceTree = "<group>"; };
		2D77ED511A96F7DB0045CE41 /* Images.xcassets */ = {isa = PBXFileReference; lastKnownFileType = folder.assetcatalog; path = Images.xcassets; sourceTree = "<group>"; };
		2D77ED541A96F7DB0045CE41 /* Base */ = {isa = PBXFileReference; lastKnownFileType = file.xib; name = Base; path = Base.lproj/LaunchScreen.xib; sourceTree = "<group>"; };
		2D77ED5A1A96F7DB0045CE41 /* ScheduleAppTests.xctest */ = {isa = PBXFileReference; explicitFileType = wrapper.cfbundle; includeInIndex = 0; path = ScheduleAppTests.xctest; sourceTree = BUILT_PRODUCTS_DIR; };
		2D77ED5F1A96F7DB0045CE41 /* Info.plist */ = {isa = PBXFileReference; lastKnownFileType = text.plist.xml; path = Info.plist; sourceTree = "<group>"; };
		2D77ED601A96F7DB0045CE41 /* ScheduleAppTests.swift */ = {isa = PBXFileReference; lastKnownFileType = sourcecode.swift; path = ScheduleAppTests.swift; sourceTree = "<group>"; };
/* End PBXFileReference section */

/* Begin PBXFrameworksBuildPhase section */
		2D77ED421A96F7DB0045CE41 /* Frameworks */ = {
			isa = PBXFrameworksBuildPhase;
			buildActionMask = 2147483647;
			files = (
			);
			runOnlyForDeploymentPostprocessing = 0;
		};
		2D77ED571A96F7DB0045CE41 /* Frameworks */ = {
			isa = PBXFrameworksBuildPhase;
			buildActionMask = 2147483647;
			files = (
			);
			runOnlyForDeploymentPostprocessing = 0;
		};
/* End PBXFrameworksBuildPhase section */

/* Begin PBXGroup section */
		2D77ED3C1A96F7DB0045CE41 = {
			isa = PBXGroup;
			children = (
				2D77ED471A96F7DB0045CE41 /* ScheduleApp */,
				2D77ED5D1A96F7DB0045CE41 /* ScheduleAppTests */,
				2D77ED461A96F7DB0045CE41 /* Products */,
			);
			sourceTree = "<group>";
		};
		2D77ED461A96F7DB0045CE41 /* Products */ = {
			isa = PBXGroup;
			children = (
				2D77ED451A96F7DB0045CE41 /* ScheduleApp.app */,
				2D77ED5A1A96F7DB0045CE41 /* ScheduleAppTests.xctest */,
			);
			name = Products;
			sourceTree = "<group>";
		};
		2D77ED471A96F7DB0045CE41 /* ScheduleApp */ = {
			isa = PBXGroup;
			children = (
				2D77ED4A1A96F7DB0045CE41 /* AppDelegate.swift */,
				2D77ED4C1A96F7DB0045CE41 /* ViewController.swift */,
				2D77ED4E1A96F7DB0045CE41 /* Main.storyboard */,
				2D77ED511A96F7DB0045CE41 /* Images.xcassets */,
				2D77ED531A96F7DB0045CE41 /* LaunchScreen.xib */,
				2D77ED481A96F7DB0045CE41 /* Supporting Files */,
			);
			path = ScheduleApp;
			sourceTree = "<group>";
		};
		2D77ED481A96F7DB0045CE41 /* Supporting Files */ = {
			isa = PBXGroup;
			children = (
				2D77ED491A96F7DB0045CE41 /* Info.plist */,
			);
			name = "Supporting Files";
			sourceTree = "<group>";
		};
		2D77ED5D1A96F7DB0045CE41 /* ScheduleAppTests */ = {
			isa = PBXGroup;
			children = (
				2D77ED601A96F7DB0045CE41 /* ScheduleAppTests.swift */,
				2D77ED5E1A96F7DB0045CE41 /* Supporting Files */,
			);
			path = ScheduleAppTests;
			sourceTree = "<group>";
		};
		2D77ED5E1A96F7DB0045CE41 /* Supporting Files */ = {
			isa = PBXGroup;
			children = (
				2D77ED5F1A96F7DB0045CE41 /* Info.plist */,
			);
			name = "Supporting Files";
			sourceTree = "<group>";
		};
/* End PBXGroup section */

/* Begin PBXNativeTarget section */
		2D77ED441A96F7DB0045CE41 /* ScheduleApp */ = {
			isa = PBXNativeTarget;
			buildConfigurationList = 2D77ED641A96F7DB0045CE41 /* Build configuration list for PBXNativeTarget "ScheduleApp" */;
			buildPhases = (
				2D77ED411A96F7DB0045CE41 /* Sources */,
				2D77ED421A96F7DB0045CE41 /* Frameworks */,
				2D77ED431A96F7DB0045CE41 /* Resources */,
			);
			buildRules = (
			);
			dependencies = (
			);
			name = ScheduleApp;
			productName = ScheduleApp;
			productReference = 2D77ED451A96F7DB0045CE41 /* ScheduleApp.app */;
			productType = "com.apple.product-type.application";
		};
		2D77ED591A96F7DB0045CE41 /* ScheduleAppTests */ = {
			isa = PBXNativeTarget;
			buildConfigurationList = 2D77ED671A96F7DB0045CE41 /* Build configuration list for PBXNativeTarget "ScheduleAppTests" */;
			buildPhases = (
				2D77ED561A96F7DB0045CE41 /* Sources */,
				2D77ED571A96F7DB0045CE41 /* Frameworks */,
				2D77ED581A96F7DB0045CE41 /* Resources */,
			);
			buildRules = (
			);
			dependencies = (
				2D77ED5C1A96F7DB0045CE41 /* PBXTargetDependency */,
			);
			name = ScheduleAppTests;
			productName = ScheduleAppTests;
			productReference = 2D77ED5A1A96F7DB0045CE41 /* ScheduleAppTests.xctest */;
			productType = "com.apple.product-type.bundle.unit-test";
		};
/* End PBXNativeTarget section */

/* Begin PBXProject section */
		2D77ED3D1A96F7DB0045CE41 /* Project object */ = {
			isa = PBXProject;
			attributes = {
				LastUpgradeCheck = 0610;
				ORGANIZATIONNAME = e135751;
				TargetAttributes = {
					2D77ED441A96F7DB0045CE41 = {
						CreatedOnToolsVersion = 6.1.1;
					};
					2D77ED591A96F7DB0045CE41 = {
						CreatedOnToolsVersion = 6.1.1;
						TestTargetID = 2D77ED441A96F7DB0045CE41;
					};
				};
			};
			buildConfigurationList = 2D77ED401A96F7DB0045CE41 /* Build configuration list for PBXProject "ScheduleApp" */;
			compatibilityVersion = "Xcode 3.2";
			developmentRegion = English;
			hasScannedForEncodings = 0;
			knownRegions = (
				en,
				Base,
			);
			mainGroup = 2D77ED3C1A96F7DB0045CE41;
			productRefGroup = 2D77ED461A96F7DB0045CE41 /* Products */;
			projectDirPath = "";
			projectRoot = "";
			targets = (
				2D77ED441A96F7DB0045CE41 /* ScheduleApp */,
				2D77ED591A96F7DB0045CE41 /* ScheduleAppTests */,
			);
		};
/* End PBXProject section */

/* Begin PBXResourcesBuildPhase section */
		2D77ED431A96F7DB0045CE41 /* Resources */ = {
			isa = PBXResourcesBuildPhase;
			buildActionMask = 2147483647;
			files = (
				2D77ED501A96F7DB0045CE41 /* Main.storyboard in Resources */,
				2D77ED551A96F7DB0045CE41 /* LaunchScreen.xib in Resources */,
				2D77ED521A96F7DB0045CE41 /* Images.xcassets in Resources */,
			);
			runOnlyForDeploymentPostprocessing = 0;
		};
		2D77ED581A96F7DB0045CE41 /* Resources */ = {
			isa = PBXResourcesBuildPhase;
			buildActionMask = 2147483647;
			files = (
			);
			runOnlyForDeploymentPostprocessing = 0;
		};
/* End PBXResourcesBuildPhase section */

/* Begin PBXSourcesBuildPhase section */
		2D77ED411A96F7DB0045CE41 /* Sources */ = {
			isa = PBXSourcesBuildPhase;
			buildActionMask = 2147483647;
			files = (
				2D77ED4D1A96F7DB0045CE41 /* ViewController.swift in Sources */,
				2D77ED4B1A96F7DB0045CE41 /* AppDelegate.swift in Sources */,
			);
			runOnlyForDeploymentPostprocessing = 0;
		};
		2D77ED561A96F7DB0045CE41 /* Sources */ = {
			isa = PBXSourcesBuildPhase;
			buildActionMask = 2147483647;
			files = (
				2D77ED611A96F7DB0045CE41 /* ScheduleAppTests.swift in Sources */,
			);
			runOnlyForDeploymentPostprocessing = 0;
		};
/* End PBXSourcesBuildPhase section */

/* Begin PBXTargetDependency section */
		2D77ED5C1A96F7DB0045CE41 /* PBXTargetDependency */ = {
			isa = PBXTargetDependency;
			target = 2D77ED441A96F7DB0045CE41 /* ScheduleApp */;
			targetProxy = 2D77ED5B1A96F7DB0045CE41 /* PBXContainerItemProxy */;
		};
/* End PBXTargetDependency section */

/* Begin PBXVariantGroup section */
		2D77ED4E1A96F7DB0045CE41 /* Main.storyboard */ = {
			isa = PBXVariantGroup;
			children = (
				2D77ED4F1A96F7DB0045CE41 /* Base */,
			);
			name = Main.storyboard;
			sourceTree = "<group>";
		};
		2D77ED531A96F7DB0045CE41 /* LaunchScreen.xib */ = {
			isa = PBXVariantGroup;
			children = (
				2D77ED541A96F7DB0045CE41 /* Base */,
			);
			name = LaunchScreen.xib;
			sourceTree = "<group>";
		};
/* End PBXVariantGroup section */

/* Begin XCBuildConfiguration section */
		2D77ED621A96F7DB0045CE41 /* Debug */ = {
			isa = XCBuildConfiguration;
			buildSettings = {
				ALWAYS_SEARCH_USER_PATHS = NO;
				CLANG_CXX_LANGUAGE_STANDARD = "gnu++0x";
				CLANG_CXX_LIBRARY = "libc++";
				CLANG_ENABLE_MODULES = YES;
				CLANG_ENABLE_OBJC_ARC = YES;
				CLANG_WARN_BOOL_CONVERSION = YES;
				CLANG_WARN_CONSTANT_CONVERSION = YES;
				CLANG_WARN_DIRECT_OBJC_ISA_USAGE = YES_ERROR;
				CLANG_WARN_EMPTY_BODY = YES;
				CLANG_WARN_ENUM_CONVERSION = YES;
				CLANG_WARN_INT_CONVERSION = YES;
				CLANG_WARN_OBJC_ROOT_CLASS = YES_ERROR;
				CLANG_WARN_UNREACHABLE_CODE = YES;
				CLANG_WARN__DUPLICATE_METHOD_MATCH = YES;
				"CODE_SIGN_IDENTITY[sdk=iphoneos*]" = "iPhone Developer";
				COPY_PHASE_STRIP = NO;
				ENABLE_STRICT_OBJC_MSGSEND = YES;
				GCC_C_LANGUAGE_STANDARD = gnu99;
				GCC_DYNAMIC_NO_PIC = NO;
				GCC_OPTIMIZATION_LEVEL = 0;
				GCC_PREPROCESSOR_DEFINITIONS = (
					"DEBUG=1",
					"$(inherited)",
				);
				GCC_SYMBOLS_PRIVATE_EXTERN = NO;
				GCC_WARN_64_TO_32_BIT_CONVERSION = YES;
				GCC_WARN_ABOUT_RETURN_TYPE = YES_ERROR;
				GCC_WARN_UNDECLARED_SELECTOR = YES;
				GCC_WARN_UNINITIALIZED_AUTOS = YES_AGGRESSIVE;
				GCC_WARN_UNUSED_FUNCTION = YES;
				GCC_WARN_UNUSED_VARIABLE = YES;
				IPHONEOS_DEPLOYMENT_TARGET = 8.1;
				MTL_ENABLE_DEBUG_INFO = YES;
				ONLY_ACTIVE_ARCH = YES;
				SDKROOT = iphoneos;
				SWIFT_OPTIMIZATION_LEVEL = "-Onone";
			};
			name = Debug;
		};
		2D77ED631A96F7DB0045CE41 /* Release */ = {
			isa = XCBuildConfiguration;
			buildSettings = {
				ALWAYS_SEARCH_USER_PATHS = NO;
				CLANG_CXX_LANGUAGE_STANDARD = "gnu++0x";
				CLANG_CXX_LIBRARY = "libc++";
				CLANG_ENABLE_MODULES = YES;
				CLANG_ENABLE_OBJC_ARC = YES;
				CLANG_WARN_BOOL_CONVERSION = YES;
				CLANG_WARN_CONSTANT_CONVERSION = YES;
				CLANG_WARN_DIRECT_OBJC_ISA_USAGE = YES_ERROR;
				CLANG_WARN_EMPTY_BODY = YES;
				CLANG_WARN_ENUM_CONVERSION = YES;
				CLANG_WARN_INT_CONVERSION = YES;
				CLANG_WARN_OBJC_ROOT_CLASS = YES_ERROR;
				CLANG_WARN_UNREACHABLE_CODE = YES;
				CLANG_WARN__DUPLICATE_METHOD_MATCH = YES;
				"CODE_SIGN_IDENTITY[sdk=iphoneos*]" = "iPhone Developer";
				COPY_PHASE_STRIP = YES;
				ENABLE_NS_ASSERTIONS = NO;
				ENABLE_STRICT_OBJC_MSGSEND = YES;
				GCC_C_LANGUAGE_STANDARD = gnu99;
				GCC_WARN_64_TO_32_BIT_CONVERSION = YES;
				GCC_WARN_ABOUT_RETURN_TYPE = YES_ERROR;
				GCC_WARN_UNDECLARED_SELECTOR = YES;
				GCC_WARN_UNINITIALIZED_AUTOS = YES_AGGRESSIVE;
				GCC_WARN_UNUSED_FUNCTION = YES;
				GCC_WARN_UNUSED_VARIABLE = YES;
				IPHONEOS_DEPLOYMENT_TARGET = 8.1;
				MTL_ENABLE_DEBUG_INFO = NO;
				SDKROOT = iphoneos;
				VALIDATE_PRODUCT = YES;
			};
			name = Release;
		};
		2D77ED651A96F7DB0045CE41 /* Debug */ = {
			isa = XCBuildConfiguration;
			buildSettings = {
				ASSETCATALOG_COMPILER_APPICON_NAME = AppIcon;
				INFOPLIST_FILE = ScheduleApp/Info.plist;
				LD_RUNPATH_SEARCH_PATHS = "$(inherited) @executable_path/Frameworks";
				PRODUCT_NAME = "$(TARGET_NAME)";
			};
			name = Debug;
		};
		2D77ED661A96F7DB0045CE41 /* Release */ = {
			isa = XCBuildConfiguration;
			buildSettings = {
				ASSETCATALOG_COMPILER_APPICON_NAME = AppIcon;
				INFOPLIST_FILE = ScheduleApp/Info.plist;
				LD_RUNPATH_SEARCH_PATHS = "$(inherited) @executable_path/Frameworks";
				PRODUCT_NAME = "$(TARGET_NAME)";
			};
			name = Release;
		};
		2D77ED681A96F7DB0045CE41 /* Debug */ = {
			isa = XCBuildConfiguration;
			buildSettings = {
				BUNDLE_LOADER = "$(TEST_HOST)";
				FRAMEWORK_SEARCH_PATHS = (
					"$(SDKROOT)/Developer/Library/Frameworks",
					"$(inherited)",
				);
				GCC_PREPROCESSOR_DEFINITIONS = (
					"DEBUG=1",
					"$(inherited)",
				);
				INFOPLIST_FILE = ScheduleAppTests/Info.plist;
				LD_RUNPATH_SEARCH_PATHS = "$(inherited) @executable_path/Frameworks @loader_path/Frameworks";
				PRODUCT_NAME = "$(TARGET_NAME)";
				TEST_HOST = "$(BUILT_PRODUCTS_DIR)/ScheduleApp.app/ScheduleApp";
			};
			name = Debug;
		};
		2D77ED691A96F7DB0045CE41 /* Release */ = {
			isa = XCBuildConfiguration;
			buildSettings = {
				BUNDLE_LOADER = "$(TEST_HOST)";
				FRAMEWORK_SEARCH_PATHS = (
					"$(SDKROOT)/Developer/Library/Frameworks",
					"$(inherited)",
				);
				INFOPLIST_FILE = ScheduleAppTests/Info.plist;
				LD_RUNPATH_SEARCH_PATHS = "$(inherited) @executable_path/Frameworks @loader_path/Frameworks";
				PRODUCT_NAME = "$(TARGET_NAME)";
				TEST_HOST = "$(BUILT_PRODUCTS_DIR)/ScheduleApp.app/ScheduleApp";
			};
			name = Release;
		};
/* End XCBuildConfiguration section */

/* Begin XCConfigurationList section */
		2D77ED401A96F7DB0045CE41 /* Build configuration list for PBXProject "ScheduleApp" */ = {
			isa = XCConfigurationList;
			buildConfigurations = (
				2D77ED621A96F7DB0045CE41 /* Debug */,
				2D77ED631A96F7DB0045CE41 /* Release */,
			);
			defaultConfigurationIsVisible = 0;
			defaultConfigurationName = Release;
		};
		2D77ED641A96F7DB0045CE41 /* Build configuration list for PBXNativeTarget "ScheduleApp" */ = {
			isa = XCConfigurationList;
			buildConfigurations = (
				2D77ED651A96F7DB0045CE41 /* Debug */,
				2D77ED661A96F7DB0045CE41 /* Release */,
			);
			defaultConfigurationIsVisible = 0;
		};
		2D77ED671A96F7DB0045CE41 /* Build configuration list for PBXNativeTarget "ScheduleAppTests" */ = {
			isa = XCConfigurationList;
			buildConfigurations = (
				2D77ED681A96F7DB0045CE41 /* Debug */,
				2D77ED691A96F7DB0045CE41 /* Release */,
			);
			defaultConfigurationIsVisible = 0;
		};
/* End XCConfigurationList section */
	};
	rootObject = 2D77ED3D1A96F7DB0045CE41 /* Project object */;
}
